
Microsoft Visual Studio Solution File, Format Version 12.00
# Visual Studio Version 17
VisualStudioVersion = 17.14.36127.28 d17.14
MinimumVisualStudioVersion = 10.0.40219.1
Project("{FAE04EC0-301F-11D3-BF4B-00C04F79EFBC}") = "VpnClient", "VPNClient\VpnClient.csproj", "{AAF992B2-9663-4349-B754-E6D17C2452A5}"
EndProject
Global
	GlobalSection(SolutionConfigurationPlatforms) = preSolution
		Debug|Any CPU = Debug|Any CPU
		Release|Any CPU = Release|Any CPU
	EndGlobalSection
	GlobalSection(ProjectConfigurationPlatforms) = postSolution
		{AAF992B2-9663-4349-B754-E6D17C2452A5}.Debug|Any CPU.ActiveCfg = Debug|Any CPU
		{AAF992B2-9663-4349-B754-E6D17C2452A5}.Debug|Any CPU.Build.0 = Debug|Any CPU
		{AAF992B2-9663-4349-B754-E6D17C2452A5}.Release|Any CPU.ActiveCfg = Release|Any CPU
		{AAF992B2-9663-4349-B754-E6D17C2452A5}.Release|Any CPU.Build.0 = Release|Any CPU
	EndGlobalSection
	GlobalSection(SolutionProperties) = preSolution
		HideSolutionNode = FALSE
	EndGlobalSection
	GlobalSection(ExtensibilityGlobals) = postSolution
		SolutionGuid = {9BDC9302-20F2-4C27-B176-4717605B1B72}
	EndGlobalSection
EndGlobal
